// !$*UTF8*$!
{
	archiveVersion = 1;
	classes = {
	};
	objectVersion = 46;
	objects = {

/* Begin PBXBuildFile section */
		492265D11EE080E8002B9807 /* AppDelegate.swift in Sources */ = {isa = PBXBuildFile; fileRef = 492265D01EE080E8002B9807 /* AppDelegate.swift */; };
		492265D31EE080E8002B9807 /* ExerciseViewController.swift in Sources */ = {isa = PBXBuildFile; fileRef = 492265D21EE080E8002B9807 /* ExerciseViewController.swift */; };
		492265D61EE080E8002B9807 /* Main.storyboard in Resources */ = {isa = PBXBuildFile; fileRef = 492265D41EE080E8002B9807 /* Main.storyboard */; };
		492265D81EE080E8002B9807 /* Assets.xcassets in Resources */ = {isa = PBXBuildFile; fileRef = 492265D71EE080E8002B9807 /* Assets.xcassets */; };
		492265DB1EE080E8002B9807 /* LaunchScreen.storyboard in Resources */ = {isa = PBXBuildFile; fileRef = 492265D91EE080E8002B9807 /* LaunchScreen.storyboard */; };
		49C6C45B1EE089B200977BEF /* IMCCircleProgressView.m in Sources */ = {isa = PBXBuildFile; fileRef = 49C6C4581EE089B200977BEF /* IMCCircleProgressView.m */; };
		49C6C45C1EE089B200977BEF /* IMCShapeView.m in Sources */ = {isa = PBXBuildFile; fileRef = 49C6C45A1EE089B200977BEF /* IMCShapeView.m */; };
		F9526E311FDEE15F00B5AE84 /* MainViewController.swift in Sources */ = {isa = PBXBuildFile; fileRef = F9526E301FDEE15F00B5AE84 /* MainViewController.swift */; };
		F9526E331FDEE31700B5AE84 /* Exercise.swift in Sources */ = {isa = PBXBuildFile; fileRef = F9526E321FDEE31700B5AE84 /* Exercise.swift */; };
/* End PBXBuildFile section */

/* Begin PBXFileReference section */
		492265CD1EE080E8002B9807 /* Tamara Conditioning.app */ = {isa = PBXFileReference; explicitFileType = wrapper.application; includeInIndex = 0; path = "Tamara Conditioning.app"; sourceTree = BUILT_PRODUCTS_DIR; };
		492265D01EE080E8002B9807 /* AppDelegate.swift */ = {isa = PBXFileReference; lastKnownFileType = sourcecode.swift; path = AppDelegate.swift; sourceTree = "<group>"; };
		492265D21EE080E8002B9807 /* ExerciseViewController.swift */ = {isa = PBXFileReference; lastKnownFileType = sourcecode.swift; path = ExerciseViewController.swift; sourceTree = "<group>"; };
		492265D51EE080E8002B9807 /* Base */ = {isa = PBXFileReference; lastKnownFileType = file.storyboard; name = Base; path = Base.lproj/Main.storyboard; sourceTree = "<group>"; };
		492265D71EE080E8002B9807 /* Assets.xcassets */ = {isa = PBXFileReference; lastKnownFileType = folder.assetcatalog; path = Assets.xcassets; sourceTree = "<group>"; };
		492265DA1EE080E8002B9807 /* Base */ = {isa = PBXFileReference; lastKnownFileType = file.storyboard; name = Base; path = Base.lproj/LaunchScreen.storyboard; sourceTree = "<group>"; };
		492265DC1EE080E8002B9807 /* Info.plist */ = {isa = PBXFileReference; lastKnownFileType = text.plist.xml; path = Info.plist; sourceTree = "<group>"; };
		49C6C4561EE089B100977BEF /* Tamara Conditioning-Bridging-Header.h */ = {isa = PBXFileReference; lastKnownFileType = sourcecode.c.h; path = "Tamara Conditioning-Bridging-Header.h"; sourceTree = "<group>"; };
		49C6C4571EE089B200977BEF /* IMCCircleProgressView.h */ = {isa = PBXFileReference; fileEncoding = 4; lastKnownFileType = sourcecode.c.h; path = IMCCircleProgressView.h; sourceTree = "<group>"; };
		49C6C4581EE089B200977BEF /* IMCCircleProgressView.m */ = {isa = PBXFileReference; fileEncoding = 4; lastKnownFileType = sourcecode.c.objc; path = IMCCircleProgressView.m; sourceTree = "<group>"; };
		49C6C4591EE089B200977BEF /* IMCShapeView.h */ = {isa = PBXFileReference; fileEncoding = 4; lastKnownFileType = sourcecode.c.h; path = IMCShapeView.h; sourceTree = "<group>"; };
		49C6C45A1EE089B200977BEF /* IMCShapeView.m */ = {isa = PBXFileReference; fileEncoding = 4; lastKnownFileType = sourcecode.c.objc; path = IMCShapeView.m; sourceTree = "<group>"; };
		F9526E301FDEE15F00B5AE84 /* MainViewController.swift */ = {isa = PBXFileReference; lastKnownFileType = sourcecode.swift; path = MainViewController.swift; sourceTree = "<group>"; };
		F9526E321FDEE31700B5AE84 /* Exercise.swift */ = {isa = PBXFileReference; lastKnownFileType = sourcecode.swift; path = Exercise.swift; sourceTree = "<group>"; };
/* End PBXFileReference section */

/* Begin PBXFrameworksBuildPhase section */
		492265CA1EE080E8002B9807 /* Frameworks */ = {
			isa = PBXFrameworksBuildPhase;
			buildActionMask = 2147483647;
			files = (
			);
			runOnlyForDeploymentPostprocessing = 0;
		};
/* End PBXFrameworksBuildPhase section */

/* Begin PBXGroup section */
		492265C41EE080E8002B9807 = {
			isa = PBXGroup;
			children = (
				492265CF1EE080E8002B9807 /* Tamara Conditioning */,
				492265CE1EE080E8002B9807 /* Products */,
			);
			sourceTree = "<group>";
		};
		492265CE1EE080E8002B9807 /* Products */ = {
			isa = PBXGroup;
			children = (
				492265CD1EE080E8002B9807 /* Tamara Conditioning.app */,
			);
			name = Products;
			sourceTree = "<group>";
		};
		492265CF1EE080E8002B9807 /* Tamara Conditioning */ = {
			isa = PBXGroup;
			children = (
				49C6C4561EE089B100977BEF /* Tamara Conditioning-Bridging-Header.h */,
				492265DC1EE080E8002B9807 /* Info.plist */,
				492265D01EE080E8002B9807 /* AppDelegate.swift */,
				F9526E341FDEE33900B5AE84 /* Model */,
				F9526E371FDEE35D00B5AE84 /* Supporting Files */,
				F9526E361FDEE35200B5AE84 /* Util */,
				F9526E351FDEE34200B5AE84 /* View Controllers */,
			);
			path = "Tamara Conditioning";
			sourceTree = "<group>";
		};
		F9526E341FDEE33900B5AE84 /* Model */ = {
			isa = PBXGroup;
			children = (
				F9526E321FDEE31700B5AE84 /* Exercise.swift */,
			);
			path = Model;
			sourceTree = "<group>";
		};
		F9526E351FDEE34200B5AE84 /* View Controllers */ = {
			isa = PBXGroup;
			children = (
				492265D41EE080E8002B9807 /* Main.storyboard */,
				492265D21EE080E8002B9807 /* ExerciseViewController.swift */,
				F9526E301FDEE15F00B5AE84 /* MainViewController.swift */,
			);
			path = "View Controllers";
			sourceTree = "<group>";
		};
		F9526E361FDEE35200B5AE84 /* Util */ = {
			isa = PBXGroup;
			children = (
				49C6C4571EE089B200977BEF /* IMCCircleProgressView.h */,
				49C6C4581EE089B200977BEF /* IMCCircleProgressView.m */,
				49C6C4591EE089B200977BEF /* IMCShapeView.h */,
				49C6C45A1EE089B200977BEF /* IMCShapeView.m */,
			);
			path = Util;
			sourceTree = "<group>";
		};
		F9526E371FDEE35D00B5AE84 /* Supporting Files */ = {
			isa = PBXGroup;
			children = (
				492265D71EE080E8002B9807 /* Assets.xcassets */,
				492265D91EE080E8002B9807 /* LaunchScreen.storyboard */,
			);
			path = "Supporting Files";
			sourceTree = "<group>";
		};
/* End PBXGroup section */

/* Begin PBXNativeTarget section */
		492265CC1EE080E8002B9807 /* Tamara Conditioning */ = {
			isa = PBXNativeTarget;
			buildConfigurationList = 492265DF1EE080E8002B9807 /* Build configuration list for PBXNativeTarget "Tamara Conditioning" */;
			buildPhases = (
				492265C91EE080E8002B9807 /* Sources */,
				492265CA1EE080E8002B9807 /* Frameworks */,
				492265CB1EE080E8002B9807 /* Resources */,
			);
			buildRules = (
			);
			dependencies = (
			);
			name = "Tamara Conditioning";
			productName = "Tamara Conditioning";
			productReference = 492265CD1EE080E8002B9807 /* Tamara Conditioning.app */;
			productType = "com.apple.product-type.application";
		};
/* End PBXNativeTarget section */

/* Begin PBXProject section */
		492265C51EE080E8002B9807 /* Project object */ = {
			isa = PBXProject;
			attributes = {
				LastSwiftUpdateCheck = 0830;
				LastUpgradeCheck = 0920;
				ORGANIZATIONNAME = FutureWorkshops;
				TargetAttributes = {
					492265CC1EE080E8002B9807 = {
						CreatedOnToolsVersion = 8.3.2;
						DevelopmentTeam = BQHMJ2C6RL;
						LastSwiftMigration = 0920;
						ProvisioningStyle = Automatic;
					};
				};
			};
			buildConfigurationList = 492265C81EE080E8002B9807 /* Build configuration list for PBXProject "Tamara Conditioning" */;
			compatibilityVersion = "Xcode 3.2";
			developmentRegion = English;
			hasScannedForEncodings = 0;
			knownRegions = (
				en,
				Base,
			);
			mainGroup = 492265C41EE080E8002B9807;
			productRefGroup = 492265CE1EE080E8002B9807 /* Products */;
			projectDirPath = "";
			projectRoot = "";
			targets = (
				492265CC1EE080E8002B9807 /* Tamara Conditioning */,
			);
		};
/* End PBXProject section */

/* Begin PBXResourcesBuildPhase section */
		492265CB1EE080E8002B9807 /* Resources */ = {
			isa = PBXResourcesBuildPhase;
			buildActionMask = 2147483647;
			files = (
				492265DB1EE080E8002B9807 /* LaunchScreen.storyboard in Resources */,
				492265D81EE080E8002B9807 /* Assets.xcassets in Resources */,
				492265D61EE080E8002B9807 /* Main.storyboard in Resources */,
			);
			runOnlyForDeploymentPostprocessing = 0;
		};
/* End PBXResourcesBuildPhase section */

/* Begin PBXSourcesBuildPhase section */
		492265C91EE080E8002B9807 /* Sources */ = {
			isa = PBXSourcesBuildPhase;
			buildActionMask = 2147483647;
			files = (
				492265D31EE080E8002B9807 /* ExerciseViewController.swift in Sources */,
				49C6C45B1EE089B200977BEF /* IMCCircleProgressView.m in Sources */,
				49C6C45C1EE089B200977BEF /* IMCShapeView.m in Sources */,
				492265D11EE080E8002B9807 /* AppDelegate.swift in Sources */,
				F9526E311FDEE15F00B5AE84 /* MainViewController.swift in Sources */,
				F9526E331FDEE31700B5AE84 /* Exercise.swift in Sources */,
			);
			runOnlyForDeploymentPostprocessing = 0;
		};
/* End PBXSourcesBuildPhase section */

/* Begin PBXVariantGroup section */
		492265D41EE080E8002B9807 /* Main.storyboard */ = {
			isa = PBXVariantGroup;
			children = (
				492265D51EE080E8002B9807 /* Base */,
			);
			name = Main.storyboard;
			sourceTree = "<group>";
		};
		492265D91EE080E8002B9807 /* LaunchScreen.storyboard */ = {
			isa = PBXVariantGroup;
			children = (
				492265DA1EE080E8002B9807 /* Base */,
			);
			name = LaunchScreen.storyboard;
			sourceTree = "<group>";
		};
/* End PBXVariantGroup section */

/* Begin XCBuildConfiguration section */
		492265DD1EE080E8002B9807 /* Debug */ = {
			isa = XCBuildConfiguration;
			buildSettings = {
				ALWAYS_SEARCH_USER_PATHS = NO;
				CLANG_ANALYZER_NONNULL = YES;
				CLANG_ANALYZER_NUMBER_OBJECT_CONVERSION = YES_AGGRESSIVE;
				CLANG_CXX_LANGUAGE_STANDARD = "gnu++0x";
				CLANG_CXX_LIBRARY = "libc++";
				CLANG_ENABLE_MODULES = YES;
				CLANG_ENABLE_OBJC_ARC = YES;
				CLANG_WARN_BLOCK_CAPTURE_AUTORELEASING = YES;
				CLANG_WARN_BOOL_CONVERSION = YES;
				CLANG_WARN_COMMA = YES;
				CLANG_WARN_CONSTANT_CONVERSION = YES;
				CLANG_WARN_DIRECT_OBJC_ISA_USAGE = YES_ERROR;
				CLANG_WARN_DOCUMENTATION_COMMENTS = YES;
				CLANG_WARN_EMPTY_BODY = YES;
				CLANG_WARN_ENUM_CONVERSION = YES;
				CLANG_WARN_INFINITE_RECURSION = YES;
				CLANG_WARN_INT_CONVERSION = YES;
				CLANG_WARN_NON_LITERAL_NULL_CONVERSION = YES;
				CLANG_WARN_OBJC_LITERAL_CONVERSION = YES;
				CLANG_WARN_OBJC_ROOT_CLASS = YES_ERROR;
				CLANG_WARN_RANGE_LOOP_ANALYSIS = YES;
				CLANG_WARN_STRICT_PROTOTYPES = YES;
				CLANG_WARN_SUSPICIOUS_MOVE = YES;
				CLANG_WARN_UNREACHABLE_CODE = YES;
				CLANG_WARN__DUPLICATE_METHOD_MATCH = YES;
				"CODE_SIGN_IDENTITY[sdk=iphoneos*]" = "iPhone Developer";
				COPY_PHASE_STRIP = NO;
				DEBUG_INFORMATION_FORMAT = dwarf;
				ENABLE_STRICT_OBJC_MSGSEND = YES;
				ENABLE_TESTABILITY = YES;
				GCC_C_LANGUAGE_STANDARD = gnu99;
				GCC_DYNAMIC_NO_PIC = NO;
				GCC_NO_COMMON_BLOCKS = YES;
				GCC_OPTIMIZATION_LEVEL = 0;
				GCC_PREPROCESSOR_DEFINITIONS = (
					"DEBUG=1",
					"$(inherited)",
				);
				GCC_WARN_64_TO_32_BIT_CONVERSION = YES;
				GCC_WARN_ABOUT_RETURN_TYPE = YES_ERROR;
				GCC_WARN_UNDECLARED_SELECTOR = YES;
				GCC_WARN_UNINITIALIZED_AUTOS = YES_AGGRESSIVE;
				GCC_WARN_UNUSED_FUNCTION = YES;
				GCC_WARN_UNUSED_VARIABLE = YES;
				IPHONEOS_DEPLOYMENT_TARGET = 10.3;
				MTL_ENABLE_DEBUG_INFO = YES;
				ONLY_ACTIVE_ARCH = YES;
				SDKROOT = iphoneos;
				SWIFT_ACTIVE_COMPILATION_CONDITIONS = DEBUG;
				SWIFT_OPTIMIZATION_LEVEL = "-Onone";
				TARGETED_DEVICE_FAMILY = "1,2";
			};
			name = Debug;
		};
		492265DE1EE080E8002B9807 /* Release */ = {
			isa = XCBuildConfiguration;
			buildSettings = {
				ALWAYS_SEARCH_USER_PATHS = NO;
				CLANG_ANALYZER_NONNULL = YES;
				CLANG_ANALYZER_NUMBER_OBJECT_CONVERSION = YES_AGGRESSIVE;
				CLANG_CXX_LANGUAGE_STANDARD = "gnu++0x";
				CLANG_CXX_LIBRARY = "libc++";
				CLANG_ENABLE_MODULES = YES;
				CLANG_ENABLE_OBJC_ARC = YES;
				CLANG_WARN_BLOCK_CAPTURE_AUTORELEASING = YES;
				CLANG_WARN_BOOL_CONVERSION = YES;
				CLANG_WARN_COMMA = YES;
				CLANG_WARN_CONSTANT_CONVERSION = YES;
				CLANG_WARN_DIRECT_OBJC_ISA_USAGE = YES_ERROR;
				CLANG_WARN_DOCUMENTATION_COMMENTS = YES;
				CLANG_WARN_EMPTY_BODY = YES;
				CLANG_WARN_ENUM_CONVERSION = YES;
				CLANG_WARN_INFINITE_RECURSION = YES;
				CLANG_WARN_INT_CONVERSION = YES;
				CLANG_WARN_NON_LITERAL_NULL_CONVERSION = YES;
				CLANG_WARN_OBJC_LITERAL_CONVERSION = YES;
				CLANG_WARN_OBJC_ROOT_CLASS = YES_ERROR;
				CLANG_WARN_RANGE_LOOP_ANALYSIS = YES;
				CLANG_WARN_STRICT_PROTOTYPES = YES;
				CLANG_WARN_SUSPICIOUS_MOVE = YES;
				CLANG_WARN_UNREACHABLE_CODE = YES;
				CLANG_WARN__DUPLICATE_METHOD_MATCH = YES;
				"CODE_SIGN_IDENTITY[sdk=iphoneos*]" = "iPhone Developer";
				COPY_PHASE_STRIP = NO;
				DEBUG_INFORMATION_FORMAT = "dwarf-with-dsym";
				ENABLE_NS_ASSERTIONS = NO;
				ENABLE_STRICT_OBJC_MSGSEND = YES;
				GCC_C_LANGUAGE_STANDARD = gnu99;
				GCC_NO_COMMON_BLOCKS = YES;
				GCC_WARN_64_TO_32_BIT_CONVERSION = YES;
				GCC_WARN_ABOUT_RETURN_TYPE = YES_ERROR;
				GCC_WARN_UNDECLARED_SELECTOR = YES;
				GCC_WARN_UNINITIALIZED_AUTOS = YES_AGGRESSIVE;
				GCC_WARN_UNUSED_FUNCTION = YES;
				GCC_WARN_UNUSED_VARIABLE = YES;
				IPHONEOS_DEPLOYMENT_TARGET = 10.3;
				MTL_ENABLE_DEBUG_INFO = NO;
				SDKROOT = iphoneos;
				SWIFT_OPTIMIZATION_LEVEL = "-Owholemodule";
				TARGETED_DEVICE_FAMILY = "1,2";
				VALIDATE_PRODUCT = YES;
			};
			name = Release;
		};
		492265E01EE080E8002B9807 /* Debug */ = {
			isa = XCBuildConfiguration;
			buildSettings = {
				ASSETCATALOG_COMPILER_APPICON_NAME = AppIcon;
				CLANG_ENABLE_MODULES = YES;
				DEVELOPMENT_TEAM = BQHMJ2C6RL;
				INFOPLIST_FILE = "Tamara Conditioning/Info.plist";
				LD_RUNPATH_SEARCH_PATHS = "$(inherited) @executable_path/Frameworks";
				PRODUCT_BUNDLE_IDENTIFIER = "FutureWorkshops.Tamara-Conditioning";
				PRODUCT_NAME = "$(TARGET_NAME)";
				SWIFT_OBJC_BRIDGING_HEADER = "Tamara Conditioning/Tamara Conditioning-Bridging-Header.h";
				SWIFT_OPTIMIZATION_LEVEL = "-Onone";
				SWIFT_SWIFT3_OBJC_INFERENCE = Off;
				SWIFT_VERSION = 4.0;
				TARGETED_DEVICE_FAMILY = 2;
			};
			name = Debug;
		};
		492265E11EE080E8002B9807 /* Release */ = {
			isa = XCBuildConfiguration;
			buildSettings = {
				ASSETCATALOG_COMPILER_APPICON_NAME = AppIcon;
				CLANG_ENABLE_MODULES = YES;
				DEVELOPMENT_TEAM = BQHMJ2C6RL;
				INFOPLIST_FILE = "Tamara Conditioning/Info.plist";
				LD_RUNPATH_SEARCH_PATHS = "$(inherited) @executable_path/Frameworks";
				PRODUCT_BUNDLE_IDENTIFIER = "FutureWorkshops.Tamara-Conditioning";
				PRODUCT_NAME = "$(TARGET_NAME)";
				SWIFT_OBJC_BRIDGING_HEADER = "Tamara Conditioning/Tamara Conditioning-Bridging-Header.h";
				SWIFT_SWIFT3_OBJC_INFERENCE = Off;
				SWIFT_VERSION = 4.0;
				TARGETED_DEVICE_FAMILY = 2;
			};
			name = Release;
		};
/* End XCBuildConfiguration section */

/* Begin XCConfigurationList section */
		492265C81EE080E8002B9807 /* Build configuration list for PBXProject "Tamara Conditioning" */ = {
			isa = XCConfigurationList;
			buildConfigurations = (
				492265DD1EE080E8002B9807 /* Debug */,
				492265DE1EE080E8002B9807 /* Release */,
			);
			defaultConfigurationIsVisible = 0;
			defaultConfigurationName = Release;
		};
		492265DF1EE080E8002B9807 /* Build configuration list for PBXNativeTarget "Tamara Conditioning" */ = {
			isa = XCConfigurationList;
			buildConfigurations = (
				492265E01EE080E8002B9807 /* Debug */,
				492265E11EE080E8002B9807 /* Release */,
			);
			defaultConfigurationIsVisible = 0;
			defaultConfigurationName = Release;
		};
/* End XCConfigurationList section */
	};
	rootObject = 492265C51EE080E8002B9807 /* Project object */;
}
